
Microsoft Visual Studio Solution File, Format Version 12.00
# Visual Studio Version 17
VisualStudioVersion = 17.4.33122.133
MinimumVisualStudioVersion = 10.0.40219.1
Project("{FAE04EC0-301F-11D3-BF4B-00C04F79EFBC}") = "TuttiFruitti", "TuttiFruitti\TuttiFruitti.csproj", "{6F873717-E339-451D-B61F-44C4C388E9D6}"
EndProject
Project("{2150E333-8FDC-42A3-9474-1A3956D46DE8}") = "Solution Items", "Solution Items", "{EE4594F3-38DC-46BC-8757-5116428D654A}"
	ProjectSection(SolutionItems) = preProject
		.editorconfig = .editorconfig
	EndProjectSection
EndProject
Global
	GlobalSection(SolutionConfigurationPlatforms) = preSolution
		Debug|Any CPU = Debug|Any CPU
		Release|Any CPU = Release|Any CPU
	EndGlobalSection
	GlobalSection(ProjectConfigurationPlatforms) = postSolution
		{6F873717-E339-451D-B61F-44C4C388E9D6}.Debug|Any CPU.ActiveCfg = Debug|Any CPU
		{6F873717-E339-451D-B61F-44C4C388E9D6}.Debug|Any CPU.Build.0 = Debug|Any CPU
		{6F873717-E339-451D-B61F-44C4C388E9D6}.Release|Any CPU.ActiveCfg = Release|Any CPU
		{6F873717-E339-451D-B61F-44C4C388E9D6}.Release|Any CPU.Build.0 = Release|Any CPU
	EndGlobalSection
	GlobalSection(SolutionProperties) = preSolution
		HideSolutionNode = FALSE
	EndGlobalSection
	GlobalSection(ExtensibilityGlobals) = postSolution
		SolutionGuid = {C12C42AD-7852-409C-8E54-E908E335B44C}
	EndGlobalSection
EndGlobal
